PODS:
  - Alamofire (3.4.0)
  - OMGHTTPURLRQ (3.1.2):
    - OMGHTTPURLRQ/RQ (= 3.1.2)
  - OMGHTTPURLRQ/FormURLEncode (3.1.2)
  - OMGHTTPURLRQ/RQ (3.1.2):
    - OMGHTTPURLRQ/FormURLEncode
    - OMGHTTPURLRQ/UserAgent
  - OMGHTTPURLRQ/UserAgent (3.1.2)
  - PromiseKit (3.2.0):
    - PromiseKit/Foundation (= 3.2.0)
    - PromiseKit/QuartzCore (= 3.2.0)
    - PromiseKit/UIKit (= 3.2.0)
  - PromiseKit/CorePromise (3.2.0)
  - PromiseKit/Foundation (3.2.0):
    - OMGHTTPURLRQ (~> 3.1.0)
    - PromiseKit/CorePromise
  - PromiseKit/QuartzCore (3.2.0):
    - PromiseKit/CorePromise
  - PromiseKit/UIKit (3.2.0):
    - PromiseKit/CorePromise
  - SwiftyJSON (2.3.2)

DEPENDENCIES:
  - Alamofire
  - PromiseKit
  - SwiftyJSON

SPEC CHECKSUMS:
  Alamofire: c19a627cefd6a95f840401c49ab1f124e07f54ee
  OMGHTTPURLRQ: 38316b56d88125c600bcdb16df8329147da2b0ee
  PromiseKit: 1db024241265f428137a9f3c00ff9590740c4be6
  SwiftyJSON: 04ccea08915aa0109039157c7974cf0298da292a

PODFILE CHECKSUM: d8fa8d5414bd1fd21fda4ef84fa6dd510fdc0113

COCOAPODS: 1.0.1
