// !$*UTF8*$!
{
	archiveVersion = 1;
	classes = {
	};
	objectVersion = 46;
	objects = {

/* Begin PBXBuildFile section */
		15600058FA050CC33DF3C394 /* Pods_NetworkingEvolution.framework in Frameworks */ = {isa = PBXBuildFile; fileRef = 3CCB558C8B0633FA1776CD56 /* Pods_NetworkingEvolution.framework */; settings = {ATTRIBUTES = (Weak, ); }; };
		D91094C61D0DF93A00722904 /* AppDelegate.swift in Sources */ = {isa = PBXBuildFile; fileRef = D91094C51D0DF93A00722904 /* AppDelegate.swift */; };
		D91094C81D0DF93A00722904 /* ViewController.swift in Sources */ = {isa = PBXBuildFile; fileRef = D91094C71D0DF93A00722904 /* ViewController.swift */; };
		D91094CD1D0DF93A00722904 /* Assets.xcassets in Resources */ = {isa = PBXBuildFile; fileRef = D91094CC1D0DF93A00722904 /* Assets.xcassets */; };
		D91094D01D0DF93A00722904 /* LaunchScreen.storyboard in Resources */ = {isa = PBXBuildFile; fileRef = D91094CE1D0DF93A00722904 /* LaunchScreen.storyboard */; };
		D9393AF11D5B0D08005A703B /* NetworkClient.swift in Sources */ = {isa = PBXBuildFile; fileRef = D9393AF01D5B0D08005A703B /* NetworkClient.swift */; };
		D9C96EF21D5AC83A00F5875B /* ViewController.xib in Resources */ = {isa = PBXBuildFile; fileRef = D9C96EF11D5AC83A00F5875B /* ViewController.xib */; };
/* End PBXBuildFile section */

/* Begin PBXFileReference section */
		3CCB558C8B0633FA1776CD56 /* Pods_NetworkingEvolution.framework */ = {isa = PBXFileReference; explicitFileType = wrapper.framework; includeInIndex = 0; path = Pods_NetworkingEvolution.framework; sourceTree = BUILT_PRODUCTS_DIR; };
		A16FB8C001792850BB0DADC0 /* Pods-NetworkingEvolution.debug.xcconfig */ = {isa = PBXFileReference; includeInIndex = 1; lastKnownFileType = text.xcconfig; name = "Pods-NetworkingEvolution.debug.xcconfig"; path = "Pods/Target Support Files/Pods-NetworkingEvolution/Pods-NetworkingEvolution.debug.xcconfig"; sourceTree = "<group>"; };
		CBE0A61D2EAF832435C5C79E /* Pods-NetworkingEvolution.release.xcconfig */ = {isa = PBXFileReference; includeInIndex = 1; lastKnownFileType = text.xcconfig; name = "Pods-NetworkingEvolution.release.xcconfig"; path = "Pods/Target Support Files/Pods-NetworkingEvolution/Pods-NetworkingEvolution.release.xcconfig"; sourceTree = "<group>"; };
		D91094C21D0DF93A00722904 /* NetworkingEvolution.app */ = {isa = PBXFileReference; explicitFileType = wrapper.application; includeInIndex = 0; path = NetworkingEvolution.app; sourceTree = BUILT_PRODUCTS_DIR; };
		D91094C51D0DF93A00722904 /* AppDelegate.swift */ = {isa = PBXFileReference; lastKnownFileType = sourcecode.swift; path = AppDelegate.swift; sourceTree = "<group>"; };
		D91094C71D0DF93A00722904 /* ViewController.swift */ = {isa = PBXFileReference; lastKnownFileType = sourcecode.swift; path = ViewController.swift; sourceTree = "<group>"; };
		D91094CC1D0DF93A00722904 /* Assets.xcassets */ = {isa = PBXFileReference; lastKnownFileType = folder.assetcatalog; path = Assets.xcassets; sourceTree = "<group>"; };
		D91094CF1D0DF93A00722904 /* Base */ = {isa = PBXFileReference; lastKnownFileType = file.storyboard; name = Base; path = Base.lproj/LaunchScreen.storyboard; sourceTree = "<group>"; };
		D91094D11D0DF93A00722904 /* Info.plist */ = {isa = PBXFileReference; lastKnownFileType = text.plist.xml; path = Info.plist; sourceTree = "<group>"; };
		D9393AF01D5B0D08005A703B /* NetworkClient.swift */ = {isa = PBXFileReference; fileEncoding = 4; lastKnownFileType = sourcecode.swift; path = NetworkClient.swift; sourceTree = "<group>"; };
		D9C96EF11D5AC83A00F5875B /* ViewController.xib */ = {isa = PBXFileReference; fileEncoding = 4; lastKnownFileType = file.xib; path = ViewController.xib; sourceTree = "<group>"; };
/* End PBXFileReference section */

/* Begin PBXFrameworksBuildPhase section */
		D91094BF1D0DF93A00722904 /* Frameworks */ = {
			isa = PBXFrameworksBuildPhase;
			buildActionMask = 2147483647;
			files = (
				15600058FA050CC33DF3C394 /* Pods_NetworkingEvolution.framework in Frameworks */,
			);
			runOnlyForDeploymentPostprocessing = 0;
		};
/* End PBXFrameworksBuildPhase section */

/* Begin PBXGroup section */
		617C159803891D71D162CE37 /* Frameworks */ = {
			isa = PBXGroup;
			children = (
				3CCB558C8B0633FA1776CD56 /* Pods_NetworkingEvolution.framework */,
			);
			name = Frameworks;
			sourceTree = "<group>";
		};
		D91094B91D0DF93A00722904 = {
			isa = PBXGroup;
			children = (
				D91094C41D0DF93A00722904 /* NetworkingEvolution */,
				D91094C31D0DF93A00722904 /* Products */,
				F1E29A60AC825441F4BD5F24 /* Pods */,
				617C159803891D71D162CE37 /* Frameworks */,
			);
			sourceTree = "<group>";
		};
		D91094C31D0DF93A00722904 /* Products */ = {
			isa = PBXGroup;
			children = (
				D91094C21D0DF93A00722904 /* NetworkingEvolution.app */,
			);
			name = Products;
			sourceTree = "<group>";
		};
		D91094C41D0DF93A00722904 /* NetworkingEvolution */ = {
			isa = PBXGroup;
			children = (
				D91094C51D0DF93A00722904 /* AppDelegate.swift */,
				D91094C71D0DF93A00722904 /* ViewController.swift */,
				D91094CC1D0DF93A00722904 /* Assets.xcassets */,
				D91094CE1D0DF93A00722904 /* LaunchScreen.storyboard */,
				D91094D11D0DF93A00722904 /* Info.plist */,
				D9C96EF11D5AC83A00F5875B /* ViewController.xib */,
				D9393AF01D5B0D08005A703B /* NetworkClient.swift */,
			);
			path = NetworkingEvolution;
			sourceTree = "<group>";
		};
		F1E29A60AC825441F4BD5F24 /* Pods */ = {
			isa = PBXGroup;
			children = (
				A16FB8C001792850BB0DADC0 /* Pods-NetworkingEvolution.debug.xcconfig */,
				CBE0A61D2EAF832435C5C79E /* Pods-NetworkingEvolution.release.xcconfig */,
			);
			name = Pods;
			sourceTree = "<group>";
		};
/* End PBXGroup section */

/* Begin PBXNativeTarget section */
		D91094C11D0DF93A00722904 /* NetworkingEvolution */ = {
			isa = PBXNativeTarget;
			buildConfigurationList = D91094D41D0DF93A00722904 /* Build configuration list for PBXNativeTarget "NetworkingEvolution" */;
			buildPhases = (
				A719EE3F8E6102A80D634E5A /* Check Pods Manifest.lock */,
				D91094BE1D0DF93A00722904 /* Sources */,
				D91094BF1D0DF93A00722904 /* Frameworks */,
				D91094C01D0DF93A00722904 /* Resources */,
				9142A18E2DD3991F9F95FF08 /* Embed Pods Frameworks */,
				66F5B2E950B1136AFAC00F71 /* Copy Pods Resources */,
			);
			buildRules = (
			);
			dependencies = (
			);
			name = NetworkingEvolution;
			productName = NetworkingEvolution;
			productReference = D91094C21D0DF93A00722904 /* NetworkingEvolution.app */;
			productType = "com.apple.product-type.application";
		};
/* End PBXNativeTarget section */

/* Begin PBXProject section */
		D91094BA1D0DF93A00722904 /* Project object */ = {
			isa = PBXProject;
			attributes = {
				LastSwiftUpdateCheck = 0730;
				LastUpgradeCheck = 0730;
				ORGANIZATIONNAME = "Lost in Flight";
				TargetAttributes = {
					D91094C11D0DF93A00722904 = {
						CreatedOnToolsVersion = 7.3.1;
					};
				};
			};
			buildConfigurationList = D91094BD1D0DF93A00722904 /* Build configuration list for PBXProject "NetworkingEvolution" */;
			compatibilityVersion = "Xcode 3.2";
			developmentRegion = English;
			hasScannedForEncodings = 0;
			knownRegions = (
				en,
				Base,
			);
			mainGroup = D91094B91D0DF93A00722904;
			productRefGroup = D91094C31D0DF93A00722904 /* Products */;
			projectDirPath = "";
			projectRoot = "";
			targets = (
				D91094C11D0DF93A00722904 /* NetworkingEvolution */,
			);
		};
/* End PBXProject section */

/* Begin PBXResourcesBuildPhase section */
		D91094C01D0DF93A00722904 /* Resources */ = {
			isa = PBXResourcesBuildPhase;
			buildActionMask = 2147483647;
			files = (
				D91094D01D0DF93A00722904 /* LaunchScreen.storyboard in Resources */,
				D9C96EF21D5AC83A00F5875B /* ViewController.xib in Resources */,
				D91094CD1D0DF93A00722904 /* Assets.xcassets in Resources */,
			);
			runOnlyForDeploymentPostprocessing = 0;
		};
/* End PBXResourcesBuildPhase section */

/* Begin PBXShellScriptBuildPhase section */
		66F5B2E950B1136AFAC00F71 /* Copy Pods Resources */ = {
			isa = PBXShellScriptBuildPhase;
			buildActionMask = 2147483647;
			files = (
			);
			inputPaths = (
			);
			name = "Copy Pods Resources";
			outputPaths = (
			);
			runOnlyForDeploymentPostprocessing = 0;
			shellPath = /bin/sh;
			shellScript = "\"${SRCROOT}/Pods/Target Support Files/Pods-NetworkingEvolution/Pods-NetworkingEvolution-resources.sh\"\n";
			showEnvVarsInLog = 0;
		};
		9142A18E2DD3991F9F95FF08 /* Embed Pods Frameworks */ = {
			isa = PBXShellScriptBuildPhase;
			buildActionMask = 2147483647;
			files = (
			);
			inputPaths = (
			);
			name = "Embed Pods Frameworks";
			outputPaths = (
			);
			runOnlyForDeploymentPostprocessing = 0;
			shellPath = /bin/sh;
			shellScript = "\"${SRCROOT}/Pods/Target Support Files/Pods-NetworkingEvolution/Pods-NetworkingEvolution-frameworks.sh\"\n";
			showEnvVarsInLog = 0;
		};
		A719EE3F8E6102A80D634E5A /* Check Pods Manifest.lock */ = {
			isa = PBXShellScriptBuildPhase;
			buildActionMask = 2147483647;
			files = (
			);
			inputPaths = (
			);
			name = "Check Pods Manifest.lock";
			outputPaths = (
			);
			runOnlyForDeploymentPostprocessing = 0;
			shellPath = /bin/sh;
			shellScript = "diff \"${PODS_ROOT}/../Podfile.lock\" \"${PODS_ROOT}/Manifest.lock\" > /dev/null\nif [[ $? != 0 ]] ; then\n    cat << EOM\nerror: The sandbox is not in sync with the Podfile.lock. Run 'pod install' or update your CocoaPods installation.\nEOM\n    exit 1\nfi\n";
			showEnvVarsInLog = 0;
		};
/* End PBXShellScriptBuildPhase section */

/* Begin PBXSourcesBuildPhase section */
		D91094BE1D0DF93A00722904 /* Sources */ = {
			isa = PBXSourcesBuildPhase;
			buildActionMask = 2147483647;
			files = (
				D91094C81D0DF93A00722904 /* ViewController.swift in Sources */,
				D91094C61D0DF93A00722904 /* AppDelegate.swift in Sources */,
				D9393AF11D5B0D08005A703B /* NetworkClient.swift in Sources */,
			);
			runOnlyForDeploymentPostprocessing = 0;
		};
/* End PBXSourcesBuildPhase section */

/* Begin PBXVariantGroup section */
		D91094CE1D0DF93A00722904 /* LaunchScreen.storyboard */ = {
			isa = PBXVariantGroup;
			children = (
				D91094CF1D0DF93A00722904 /* Base */,
			);
			name = LaunchScreen.storyboard;
			sourceTree = "<group>";
		};
/* End PBXVariantGroup section */

/* Begin XCBuildConfiguration section */
		D91094D21D0DF93A00722904 /* Debug */ = {
			isa = XCBuildConfiguration;
			buildSettings = {
				ALWAYS_SEARCH_USER_PATHS = NO;
				CLANG_ANALYZER_NONNULL = YES;
				CLANG_CXX_LANGUAGE_STANDARD = "gnu++0x";
				CLANG_CXX_LIBRARY = "libc++";
				CLANG_ENABLE_MODULES = YES;
				CLANG_ENABLE_OBJC_ARC = YES;
				CLANG_WARN_BOOL_CONVERSION = YES;
				CLANG_WARN_CONSTANT_CONVERSION = YES;
				CLANG_WARN_DIRECT_OBJC_ISA_USAGE = YES_ERROR;
				CLANG_WARN_EMPTY_BODY = YES;
				CLANG_WARN_ENUM_CONVERSION = YES;
				CLANG_WARN_INT_CONVERSION = YES;
				CLANG_WARN_OBJC_ROOT_CLASS = YES_ERROR;
				CLANG_WARN_UNREACHABLE_CODE = YES;
				CLANG_WARN__DUPLICATE_METHOD_MATCH = YES;
				"CODE_SIGN_IDENTITY[sdk=iphoneos*]" = "iPhone Developer";
				COPY_PHASE_STRIP = NO;
				DEBUG_INFORMATION_FORMAT = dwarf;
				ENABLE_STRICT_OBJC_MSGSEND = YES;
				ENABLE_TESTABILITY = YES;
				GCC_C_LANGUAGE_STANDARD = gnu99;
				GCC_DYNAMIC_NO_PIC = NO;
				GCC_NO_COMMON_BLOCKS = YES;
				GCC_OPTIMIZATION_LEVEL = 0;
				GCC_PREPROCESSOR_DEFINITIONS = (
					"DEBUG=1",
					"$(inherited)",
				);
				GCC_WARN_64_TO_32_BIT_CONVERSION = YES;
				GCC_WARN_ABOUT_RETURN_TYPE = YES_ERROR;
				GCC_WARN_UNDECLARED_SELECTOR = YES;
				GCC_WARN_UNINITIALIZED_AUTOS = YES_AGGRESSIVE;
				GCC_WARN_UNUSED_FUNCTION = YES;
				GCC_WARN_UNUSED_VARIABLE = YES;
				IPHONEOS_DEPLOYMENT_TARGET = 9.3;
				MTL_ENABLE_DEBUG_INFO = YES;
				ONLY_ACTIVE_ARCH = YES;
				SDKROOT = iphoneos;
				SWIFT_OPTIMIZATION_LEVEL = "-Onone";
			};
			name = Debug;
		};
		D91094D31D0DF93A00722904 /* Release */ = {
			isa = XCBuildConfiguration;
			buildSettings = {
				ALWAYS_SEARCH_USER_PATHS = NO;
				CLANG_ANALYZER_NONNULL = YES;
				CLANG_CXX_LANGUAGE_STANDARD = "gnu++0x";
				CLANG_CXX_LIBRARY = "libc++";
				CLANG_ENABLE_MODULES = YES;
				CLANG_ENABLE_OBJC_ARC = YES;
				CLANG_WARN_BOOL_CONVERSION = YES;
				CLANG_WARN_CONSTANT_CONVERSION = YES;
				CLANG_WARN_DIRECT_OBJC_ISA_USAGE = YES_ERROR;
				CLANG_WARN_EMPTY_BODY = YES;
				CLANG_WARN_ENUM_CONVERSION = YES;
				CLANG_WARN_INT_CONVERSION = YES;
				CLANG_WARN_OBJC_ROOT_CLASS = YES_ERROR;
				CLANG_WARN_UNREACHABLE_CODE = YES;
				CLANG_WARN__DUPLICATE_METHOD_MATCH = YES;
				"CODE_SIGN_IDENTITY[sdk=iphoneos*]" = "iPhone Developer";
				COPY_PHASE_STRIP = NO;
				DEBUG_INFORMATION_FORMAT = "dwarf-with-dsym";
				ENABLE_NS_ASSERTIONS = NO;
				ENABLE_STRICT_OBJC_MSGSEND = YES;
				GCC_C_LANGUAGE_STANDARD = gnu99;
				GCC_NO_COMMON_BLOCKS = YES;
				GCC_WARN_64_TO_32_BIT_CONVERSION = YES;
				GCC_WARN_ABOUT_RETURN_TYPE = YES_ERROR;
				GCC_WARN_UNDECLARED_SELECTOR = YES;
				GCC_WARN_UNINITIALIZED_AUTOS = YES_AGGRESSIVE;
				GCC_WARN_UNUSED_FUNCTION = YES;
				GCC_WARN_UNUSED_VARIABLE = YES;
				IPHONEOS_DEPLOYMENT_TARGET = 9.3;
				MTL_ENABLE_DEBUG_INFO = NO;
				SDKROOT = iphoneos;
				VALIDATE_PRODUCT = YES;
			};
			name = Release;
		};
		D91094D51D0DF93A00722904 /* Debug */ = {
			isa = XCBuildConfiguration;
			baseConfigurationReference = A16FB8C001792850BB0DADC0 /* Pods-NetworkingEvolution.debug.xcconfig */;
			buildSettings = {
				ASSETCATALOG_COMPILER_APPICON_NAME = AppIcon;
				INFOPLIST_FILE = NetworkingEvolution/Info.plist;
				LD_RUNPATH_SEARCH_PATHS = "$(inherited) @executable_path/Frameworks";
				PRODUCT_BUNDLE_IDENTIFIER = com.lostinflight.NetworkingEvolution;
				PRODUCT_NAME = "$(TARGET_NAME)";
			};
			name = Debug;
		};
		D91094D61D0DF93A00722904 /* Release */ = {
			isa = XCBuildConfiguration;
			baseConfigurationReference = CBE0A61D2EAF832435C5C79E /* Pods-NetworkingEvolution.release.xcconfig */;
			buildSettings = {
				ASSETCATALOG_COMPILER_APPICON_NAME = AppIcon;
				INFOPLIST_FILE = NetworkingEvolution/Info.plist;
				LD_RUNPATH_SEARCH_PATHS = "$(inherited) @executable_path/Frameworks";
				PRODUCT_BUNDLE_IDENTIFIER = com.lostinflight.NetworkingEvolution;
				PRODUCT_NAME = "$(TARGET_NAME)";
			};
			name = Release;
		};
/* End XCBuildConfiguration section */

/* Begin XCConfigurationList section */
		D91094BD1D0DF93A00722904 /* Build configuration list for PBXProject "NetworkingEvolution" */ = {
			isa = XCConfigurationList;
			buildConfigurations = (
				D91094D21D0DF93A00722904 /* Debug */,
				D91094D31D0DF93A00722904 /* Release */,
			);
			defaultConfigurationIsVisible = 0;
			defaultConfigurationName = Release;
		};
		D91094D41D0DF93A00722904 /* Build configuration list for PBXNativeTarget "NetworkingEvolution" */ = {
			isa = XCConfigurationList;
			buildConfigurations = (
				D91094D51D0DF93A00722904 /* Debug */,
				D91094D61D0DF93A00722904 /* Release */,
			);
			defaultConfigurationIsVisible = 0;
			defaultConfigurationName = Release;
		};
/* End XCConfigurationList section */
	};
	rootObject = D91094BA1D0DF93A00722904 /* Project object */;
}
