// !$*UTF8*$!
{
	archiveVersion = 1;
	classes = {
	};
	objectVersion = 46;
	objects = {

/* Begin PBXBuildFile section */
		D91094C61D0DF93A00722904 /* AppDelegate.swift in Sources */ = {isa = PBXBuildFile; fileRef = D91094C51D0DF93A00722904 /* AppDelegate.swift */; };
		D91094C81D0DF93A00722904 /* ViewController.swift in Sources */ = {isa = PBXBuildFile; fileRef = D91094C71D0DF93A00722904 /* ViewController.swift */; };
		D91094CB1D0DF93A00722904 /* Main.storyboard in Resources */ = {isa = PBXBuildFile; fileRef = D91094C91D0DF93A00722904 /* Main.storyboard */; };
		D91094CD1D0DF93A00722904 /* Assets.xcassets in Resources */ = {isa = PBXBuildFile; fileRef = D91094CC1D0DF93A00722904 /* Assets.xcassets */; };
		D91094D01D0DF93A00722904 /* LaunchScreen.storyboard in Resources */ = {isa = PBXBuildFile; fileRef = D91094CE1D0DF93A00722904 /* LaunchScreen.storyboard */; };
/* End PBXBuildFile section */

/* Begin PBXFileReference section */
		D91094C21D0DF93A00722904 /* NetworkingEvolution.app */ = {isa = PBXFileReference; explicitFileType = wrapper.application; includeInIndex = 0; path = NetworkingEvolution.app; sourceTree = BUILT_PRODUCTS_DIR; };
		D91094C51D0DF93A00722904 /* AppDelegate.swift */ = {isa = PBXFileReference; lastKnownFileType = sourcecode.swift; path = AppDelegate.swift; sourceTree = "<group>"; };
		D91094C71D0DF93A00722904 /* ViewController.swift */ = {isa = PBXFileReference; lastKnownFileType = sourcecode.swift; path = ViewController.swift; sourceTree = "<group>"; };
		D91094CA1D0DF93A00722904 /* Base */ = {isa = PBXFileReference; lastKnownFileType = file.storyboard; name = Base; path = Base.lproj/Main.storyboard; sourceTree = "<group>"; };
		D91094CC1D0DF93A00722904 /* Assets.xcassets */ = {isa = PBXFileReference; lastKnownFileType = folder.assetcatalog; path = Assets.xcassets; sourceTree = "<group>"; };
		D91094CF1D0DF93A00722904 /* Base */ = {isa = PBXFileReference; lastKnownFileType = file.storyboard; name = Base; path = Base.lproj/LaunchScreen.storyboard; sourceTree = "<group>"; };
		D91094D11D0DF93A00722904 /* Info.plist */ = {isa = PBXFileReference; lastKnownFileType = text.plist.xml; path = Info.plist; sourceTree = "<group>"; };
/* End PBXFileReference section */

/* Begin PBXFrameworksBuildPhase section */
		D91094BF1D0DF93A00722904 /* Frameworks */ = {
			isa = PBXFrameworksBuildPhase;
			buildActionMask = 2147483647;
			files = (
			);
			runOnlyForDeploymentPostprocessing = 0;
		};
/* End PBXFrameworksBuildPhase section */

/* Begin PBXGroup section */
		D91094B91D0DF93A00722904 = {
			isa = PBXGroup;
			children = (
				D91094C41D0DF93A00722904 /* NetworkingEvolution */,
				D91094C31D0DF93A00722904 /* Products */,
			);
			sourceTree = "<group>";
		};
		D91094C31D0DF93A00722904 /* Products */ = {
			isa = PBXGroup;
			children = (
				D91094C21D0DF93A00722904 /* NetworkingEvolution.app */,
			);
			name = Products;
			sourceTree = "<group>";
		};
		D91094C41D0DF93A00722904 /* NetworkingEvolution */ = {
			isa = PBXGroup;
			children = (
				D91094C51D0DF93A00722904 /* AppDelegate.swift */,
				D91094C71D0DF93A00722904 /* ViewController.swift */,
				D91094C91D0DF93A00722904 /* Main.storyboard */,
				D91094CC1D0DF93A00722904 /* Assets.xcassets */,
				D91094CE1D0DF93A00722904 /* LaunchScreen.storyboard */,
				D91094D11D0DF93A00722904 /* Info.plist */,
			);
			path = NetworkingEvolution;
			sourceTree = "<group>";
		};
/* End PBXGroup section */

/* Begin PBXNativeTarget section */
		D91094C11D0DF93A00722904 /* NetworkingEvolution */ = {
			isa = PBXNativeTarget;
			buildConfigurationList = D91094D41D0DF93A00722904 /* Build configuration list for PBXNativeTarget "NetworkingEvolution" */;
			buildPhases = (
				D91094BE1D0DF93A00722904 /* Sources */,
				D91094BF1D0DF93A00722904 /* Frameworks */,
				D91094C01D0DF93A00722904 /* Resources */,
			);
			buildRules = (
			);
			dependencies = (
			);
			name = NetworkingEvolution;
			productName = NetworkingEvolution;
			productReference = D91094C21D0DF93A00722904 /* NetworkingEvolution.app */;
			productType = "com.apple.product-type.application";
		};
/* End PBXNativeTarget section */

/* Begin PBXProject section */
		D91094BA1D0DF93A00722904 /* Project object */ = {
			isa = PBXProject;
			attributes = {
				LastSwiftUpdateCheck = 0730;
				LastUpgradeCheck = 0730;
				ORGANIZATIONNAME = "Lost in Flight";
				TargetAttributes = {
					D91094C11D0DF93A00722904 = {
						CreatedOnToolsVersion = 7.3.1;
					};
				};
			};
			buildConfigurationList = D91094BD1D0DF93A00722904 /* Build configuration list for PBXProject "NetworkingEvolution" */;
			compatibilityVersion = "Xcode 3.2";
			developmentRegion = English;
			hasScannedForEncodings = 0;
			knownRegions = (
				en,
				Base,
			);
			mainGroup = D91094B91D0DF93A00722904;
			productRefGroup = D91094C31D0DF93A00722904 /* Products */;
			projectDirPath = "";
			projectRoot = "";
			targets = (
				D91094C11D0DF93A00722904 /* NetworkingEvolution */,
			);
		};
/* End PBXProject section */

/* Begin PBXResourcesBuildPhase section */
		D91094C01D0DF93A00722904 /* Resources */ = {
			isa = PBXResourcesBuildPhase;
			buildActionMask = 2147483647;
			files = (
				D91094D01D0DF93A00722904 /* LaunchScreen.storyboard in Resources */,
				D91094CD1D0DF93A00722904 /* Assets.xcassets in Resources */,
				D91094CB1D0DF93A00722904 /* Main.storyboard in Resources */,
			);
			runOnlyForDeploymentPostprocessing = 0;
		};
/* End PBXResourcesBuildPhase section */

/* Begin PBXSourcesBuildPhase section */
		D91094BE1D0DF93A00722904 /* Sources */ = {
			isa = PBXSourcesBuildPhase;
			buildActionMask = 2147483647;
			files = (
				D91094C81D0DF93A00722904 /* ViewController.swift in Sources */,
				D91094C61D0DF93A00722904 /* AppDelegate.swift in Sources */,
			);
			runOnlyForDeploymentPostprocessing = 0;
		};
/* End PBXSourcesBuildPhase section */

/* Begin PBXVariantGroup section */
		D91094C91D0DF93A00722904 /* Main.storyboard */ = {
			isa = PBXVariantGroup;
			children = (
				D91094CA1D0DF93A00722904 /* Base */,
			);
			name = Main.storyboard;
			sourceTree = "<group>";
		};
		D91094CE1D0DF93A00722904 /* LaunchScreen.storyboard */ = {
			isa = PBXVariantGroup;
			children = (
				D91094CF1D0DF93A00722904 /* Base */,
			);
			name = LaunchScreen.storyboard;
			sourceTree = "<group>";
		};
/* End PBXVariantGroup section */

/* Begin XCBuildConfiguration section */
		D91094D21D0DF93A00722904 /* Debug */ = {
			isa = XCBuildConfiguration;
			buildSettings = {
				ALWAYS_SEARCH_USER_PATHS = NO;
				CLANG_ANALYZER_NONNULL = YES;
				CLANG_CXX_LANGUAGE_STANDARD = "gnu++0x";
				CLANG_CXX_LIBRARY = "libc++";
				CLANG_ENABLE_MODULES = YES;
				CLANG_ENABLE_OBJC_ARC = YES;
				CLANG_WARN_BOOL_CONVERSION = YES;
				CLANG_WARN_CONSTANT_CONVERSION = YES;
				CLANG_WARN_DIRECT_OBJC_ISA_USAGE = YES_ERROR;
				CLANG_WARN_EMPTY_BODY = YES;
				CLANG_WARN_ENUM_CONVERSION = YES;
				CLANG_WARN_INT_CONVERSION = YES;
				CLANG_WARN_OBJC_ROOT_CLASS = YES_ERROR;
				CLANG_WARN_UNREACHABLE_CODE = YES;
				CLANG_WARN__DUPLICATE_METHOD_MATCH = YES;
				"CODE_SIGN_IDENTITY[sdk=iphoneos*]" = "iPhone Developer";
				COPY_PHASE_STRIP = NO;
				DEBUG_INFORMATION_FORMAT = dwarf;
				ENABLE_STRICT_OBJC_MSGSEND = YES;
				ENABLE_TESTABILITY = YES;
				GCC_C_LANGUAGE_STANDARD = gnu99;
				GCC_DYNAMIC_NO_PIC = NO;
				GCC_NO_COMMON_BLOCKS = YES;
				GCC_OPTIMIZATION_LEVEL = 0;
				GCC_PREPROCESSOR_DEFINITIONS = (
					"DEBUG=1",
					"$(inherited)",
				);
				GCC_WARN_64_TO_32_BIT_CONVERSION = YES;
				GCC_WARN_ABOUT_RETURN_TYPE = YES_ERROR;
				GCC_WARN_UNDECLARED_SELECTOR = YES;
				GCC_WARN_UNINITIALIZED_AUTOS = YES_AGGRESSIVE;
				GCC_WARN_UNUSED_FUNCTION = YES;
				GCC_WARN_UNUSED_VARIABLE = YES;
				IPHONEOS_DEPLOYMENT_TARGET = 9.3;
				MTL_ENABLE_DEBUG_INFO = YES;
				ONLY_ACTIVE_ARCH = YES;
				SDKROOT = iphoneos;
				SWIFT_OPTIMIZATION_LEVEL = "-Onone";
			};
			name = Debug;
		};
		D91094D31D0DF93A00722904 /* Release */ = {
			isa = XCBuildConfiguration;
			buildSettings = {
				ALWAYS_SEARCH_USER_PATHS = NO;
				CLANG_ANALYZER_NONNULL = YES;
				CLANG_CXX_LANGUAGE_STANDARD = "gnu++0x";
				CLANG_CXX_LIBRARY = "libc++";
				CLANG_ENABLE_MODULES = YES;
				CLANG_ENABLE_OBJC_ARC = YES;
				CLANG_WARN_BOOL_CONVERSION = YES;
				CLANG_WARN_CONSTANT_CONVERSION = YES;
				CLANG_WARN_DIRECT_OBJC_ISA_USAGE = YES_ERROR;
				CLANG_WARN_EMPTY_BODY = YES;
				CLANG_WARN_ENUM_CONVERSION = YES;
				CLANG_WARN_INT_CONVERSION = YES;
				CLANG_WARN_OBJC_ROOT_CLASS = YES_ERROR;
				CLANG_WARN_UNREACHABLE_CODE = YES;
				CLANG_WARN__DUPLICATE_METHOD_MATCH = YES;
				"CODE_SIGN_IDENTITY[sdk=iphoneos*]" = "iPhone Developer";
				COPY_PHASE_STRIP = NO;
				DEBUG_INFORMATION_FORMAT = "dwarf-with-dsym";
				ENABLE_NS_ASSERTIONS = NO;
				ENABLE_STRICT_OBJC_MSGSEND = YES;
				GCC_C_LANGUAGE_STANDARD = gnu99;
				GCC_NO_COMMON_BLOCKS = YES;
				GCC_WARN_64_TO_32_BIT_CONVERSION = YES;
				GCC_WARN_ABOUT_RETURN_TYPE = YES_ERROR;
				GCC_WARN_UNDECLARED_SELECTOR = YES;
				GCC_WARN_UNINITIALIZED_AUTOS = YES_AGGRESSIVE;
				GCC_WARN_UNUSED_FUNCTION = YES;
				GCC_WARN_UNUSED_VARIABLE = YES;
				IPHONEOS_DEPLOYMENT_TARGET = 9.3;
				MTL_ENABLE_DEBUG_INFO = NO;
				SDKROOT = iphoneos;
				VALIDATE_PRODUCT = YES;
			};
			name = Release;
		};
		D91094D51D0DF93A00722904 /* Debug */ = {
			isa = XCBuildConfiguration;
			buildSettings = {
				ASSETCATALOG_COMPILER_APPICON_NAME = AppIcon;
				INFOPLIST_FILE = NetworkingEvolution/Info.plist;
				LD_RUNPATH_SEARCH_PATHS = "$(inherited) @executable_path/Frameworks";
				PRODUCT_BUNDLE_IDENTIFIER = com.lostinflight.NetworkingEvolution;
				PRODUCT_NAME = "$(TARGET_NAME)";
			};
			name = Debug;
		};
		D91094D61D0DF93A00722904 /* Release */ = {
			isa = XCBuildConfiguration;
			buildSettings = {
				ASSETCATALOG_COMPILER_APPICON_NAME = AppIcon;
				INFOPLIST_FILE = NetworkingEvolution/Info.plist;
				LD_RUNPATH_SEARCH_PATHS = "$(inherited) @executable_path/Frameworks";
				PRODUCT_BUNDLE_IDENTIFIER = com.lostinflight.NetworkingEvolution;
				PRODUCT_NAME = "$(TARGET_NAME)";
			};
			name = Release;
		};
/* End XCBuildConfiguration section */

/* Begin XCConfigurationList section */
		D91094BD1D0DF93A00722904 /* Build configuration list for PBXProject "NetworkingEvolution" */ = {
			isa = XCConfigurationList;
			buildConfigurations = (
				D91094D21D0DF93A00722904 /* Debug */,
				D91094D31D0DF93A00722904 /* Release */,
			);
			defaultConfigurationIsVisible = 0;
			defaultConfigurationName = Release;
		};
		D91094D41D0DF93A00722904 /* Build configuration list for PBXNativeTarget "NetworkingEvolution" */ = {
			isa = XCConfigurationList;
			buildConfigurations = (
				D91094D51D0DF93A00722904 /* Debug */,
				D91094D61D0DF93A00722904 /* Release */,
			);
			defaultConfigurationIsVisible = 0;
		};
/* End XCConfigurationList section */
	};
	rootObject = D91094BA1D0DF93A00722904 /* Project object */;
}
